
Microsoft Visual Studio Solution File, Format Version 12.00
# Visual Studio Version 17
VisualStudioVersion = 17.7.34031.279
MinimumVisualStudioVersion = 10.0.40219.1
Project("{FAE04EC0-301F-11D3-BF4B-00C04F79EFBC}") = "Bolum1-Uygulama11", "Bolum1-Uygulama11\Bolum1-Uygulama11.csproj", "{DA02A085-7553-415D-8278-E737441DE83E}"
EndProject
Global
	GlobalSection(SolutionConfigurationPlatforms) = preSolution
		Debug|Any CPU = Debug|Any CPU
		Release|Any CPU = Release|Any CPU
	EndGlobalSection
	GlobalSection(ProjectConfigurationPlatforms) = postSolution
		{DA02A085-7553-415D-8278-E737441DE83E}.Debug|Any CPU.ActiveCfg = Debug|Any CPU
		{DA02A085-7553-415D-8278-E737441DE83E}.Debug|Any CPU.Build.0 = Debug|Any CPU
		{DA02A085-7553-415D-8278-E737441DE83E}.Release|Any CPU.ActiveCfg = Release|Any CPU
		{DA02A085-7553-415D-8278-E737441DE83E}.Release|Any CPU.Build.0 = Release|Any CPU
	EndGlobalSection
	GlobalSection(SolutionProperties) = preSolution
		HideSolutionNode = FALSE
	EndGlobalSection
	GlobalSection(ExtensibilityGlobals) = postSolution
		SolutionGuid = {E340C758-E221-438C-AB73-D7AB995B7C08}
	EndGlobalSection
EndGlobal
