
Microsoft Visual Studio Solution File, Format Version 12.00
# Visual Studio Version 17
VisualStudioVersion = 17.7.34031.279
MinimumVisualStudioVersion = 10.0.40219.1
Project("{FAE04EC0-301F-11D3-BF4B-00C04F79EFBC}") = "Bolum1-Uygulama10", "Bolum1-Uygulama10\Bolum1-Uygulama10.csproj", "{AF39EF86-DAAA-4F55-97B4-AFA81647F42B}"
EndProject
Global
	GlobalSection(SolutionConfigurationPlatforms) = preSolution
		Debug|Any CPU = Debug|Any CPU
		Release|Any CPU = Release|Any CPU
	EndGlobalSection
	GlobalSection(ProjectConfigurationPlatforms) = postSolution
		{AF39EF86-DAAA-4F55-97B4-AFA81647F42B}.Debug|Any CPU.ActiveCfg = Debug|Any CPU
		{AF39EF86-DAAA-4F55-97B4-AFA81647F42B}.Debug|Any CPU.Build.0 = Debug|Any CPU
		{AF39EF86-DAAA-4F55-97B4-AFA81647F42B}.Release|Any CPU.ActiveCfg = Release|Any CPU
		{AF39EF86-DAAA-4F55-97B4-AFA81647F42B}.Release|Any CPU.Build.0 = Release|Any CPU
	EndGlobalSection
	GlobalSection(SolutionProperties) = preSolution
		HideSolutionNode = FALSE
	EndGlobalSection
	GlobalSection(ExtensibilityGlobals) = postSolution
		SolutionGuid = {1B7CBE4C-A444-4800-9D58-0F36B4B38B95}
	EndGlobalSection
EndGlobal
